
Microsoft Visual Studio Solution File, Format Version 12.00
# Visual Studio Version 16
VisualStudioVersion = 16.0.30204.135
MinimumVisualStudioVersion = 10.0.40219.1
Project("{8BC9CEB8-8B4A-11D0-8D11-00A0C91BC942}") = "ApplicationProject", "WindowsProject1\WindowsProject1.vcxproj", "{D71BCFD8-AC77-4841-A242-77892C5C7172}"
EndProject
Project("{8BC9CEB8-8B4A-11D0-8D11-00A0C91BC942}") = "Helpers", "Helpers\Helpers.vcxproj", "{429B544B-22F2-4FBE-9735-26CAD7DF8A7C}"
EndProject
Project("{8BC9CEB8-8B4A-11D0-8D11-00A0C91BC942}") = "ArchiveLibProject", "ArchiveLibProject\ArchiveLibProject.vcxproj", "{B3E9B7B8-9A31-42B9-B41A-455B4793D49C}"
EndProject
Project("{FAE04EC0-301F-11D3-BF4B-00C04F79EFBC}") = "IntrfaceProject", "IntrfaceProject\IntrfaceProject.csproj", "{E21F74C2-BEFE-42E4-A04D-F97F7DCC53FC}"
EndProject
Project("{8BC9CEB8-8B4A-11D0-8D11-00A0C91BC942}") = "ArchiveProjectCLI", "ArchiveProjectCLI\ArchiveProjectCLI.vcxproj", "{07BF85D4-18F3-4F6C-89D2-A0920F430D8F}"
EndProject
Project("{8BC9CEB8-8B4A-11D0-8D11-00A0C91BC942}") = "zlib", "..\..\..\Desktop\zlib-1.2.11\buildDir\zlib.vcxproj", "{A369D374-6336-36E6-B1D9-D65914B8DFAF}"
EndProject
Project("{8BC9CEB8-8B4A-11D0-8D11-00A0C91BC942}") = "archive", "..\..\..\Downloads\libarchive\builded\libarchive\archive.vcxproj", "{C60DBC4E-132C-38EE-9C7B-122615C288AF}"
EndProject
Project("{8BC9CEB8-8B4A-11D0-8D11-00A0C91BC942}") = "ArchiveProjCX", "ArchiveProjCX\ArchiveProjCX.vcxproj", "{6EFD1399-8FB1-425B-A6D7-258A8BC3701C}"
EndProject
Project("{8BC9CEB8-8B4A-11D0-8D11-00A0C91BC942}") = "UWPUI", "UWPUI\UWPUI.vcxproj", "{6CDF9F60-0F3C-41AE-A842-7297478809DF}"
EndProject
Global
	GlobalSection(SolutionConfigurationPlatforms) = preSolution
		Debug|Any CPU = Debug|Any CPU
		Debug|ARM = Debug|ARM
		Debug|ARM64 = Debug|ARM64
		Debug|Win32 = Debug|Win32
		Debug|x64 = Debug|x64
		Debug|x86 = Debug|x86
		MinSizeRel|Any CPU = MinSizeRel|Any CPU
		MinSizeRel|ARM = MinSizeRel|ARM
		MinSizeRel|ARM64 = MinSizeRel|ARM64
		MinSizeRel|Win32 = MinSizeRel|Win32
		MinSizeRel|x64 = MinSizeRel|x64
		MinSizeRel|x86 = MinSizeRel|x86
		Release|Any CPU = Release|Any CPU
		Release|ARM = Release|ARM
		Release|ARM64 = Release|ARM64
		Release|Win32 = Release|Win32
		Release|x64 = Release|x64
		Release|x86 = Release|x86
		RelWithDebInfo|Any CPU = RelWithDebInfo|Any CPU
		RelWithDebInfo|ARM = RelWithDebInfo|ARM
		RelWithDebInfo|ARM64 = RelWithDebInfo|ARM64
		RelWithDebInfo|Win32 = RelWithDebInfo|Win32
		RelWithDebInfo|x64 = RelWithDebInfo|x64
		RelWithDebInfo|x86 = RelWithDebInfo|x86
	EndGlobalSection
	GlobalSection(ProjectConfigurationPlatforms) = postSolution
		{D71BCFD8-AC77-4841-A242-77892C5C7172}.Debug|Any CPU.ActiveCfg = Debug|Win32
		{D71BCFD8-AC77-4841-A242-77892C5C7172}.Debug|ARM.ActiveCfg = Debug|Win32
		{D71BCFD8-AC77-4841-A242-77892C5C7172}.Debug|ARM64.ActiveCfg = Debug|Win32
		{D71BCFD8-AC77-4841-A242-77892C5C7172}.Debug|Win32.ActiveCfg = Debug|Win32
		{D71BCFD8-AC77-4841-A242-77892C5C7172}.Debug|Win32.Build.0 = Debug|Win32
		{D71BCFD8-AC77-4841-A242-77892C5C7172}.Debug|x64.ActiveCfg = Debug|x64
		{D71BCFD8-AC77-4841-A242-77892C5C7172}.Debug|x64.Build.0 = Debug|x64
		{D71BCFD8-AC77-4841-A242-77892C5C7172}.Debug|x86.ActiveCfg = Debug|Win32
		{D71BCFD8-AC77-4841-A242-77892C5C7172}.Debug|x86.Build.0 = Debug|Win32
		{D71BCFD8-AC77-4841-A242-77892C5C7172}.MinSizeRel|Any CPU.ActiveCfg = Release|x64
		{D71BCFD8-AC77-4841-A242-77892C5C7172}.MinSizeRel|Any CPU.Build.0 = Release|x64
		{D71BCFD8-AC77-4841-A242-77892C5C7172}.MinSizeRel|ARM.ActiveCfg = Release|Win32
		{D71BCFD8-AC77-4841-A242-77892C5C7172}.MinSizeRel|ARM.Build.0 = Release|Win32
		{D71BCFD8-AC77-4841-A242-77892C5C7172}.MinSizeRel|ARM64.ActiveCfg = Release|Win32
		{D71BCFD8-AC77-4841-A242-77892C5C7172}.MinSizeRel|ARM64.Build.0 = Release|Win32
		{D71BCFD8-AC77-4841-A242-77892C5C7172}.MinSizeRel|Win32.ActiveCfg = Release|Win32
		{D71BCFD8-AC77-4841-A242-77892C5C7172}.MinSizeRel|Win32.Build.0 = Release|Win32
		{D71BCFD8-AC77-4841-A242-77892C5C7172}.MinSizeRel|x64.ActiveCfg = Release|x64
		{D71BCFD8-AC77-4841-A242-77892C5C7172}.MinSizeRel|x64.Build.0 = Release|x64
		{D71BCFD8-AC77-4841-A242-77892C5C7172}.MinSizeRel|x86.ActiveCfg = Release|Win32
		{D71BCFD8-AC77-4841-A242-77892C5C7172}.MinSizeRel|x86.Build.0 = Release|Win32
		{D71BCFD8-AC77-4841-A242-77892C5C7172}.Release|Any CPU.ActiveCfg = Release|Win32
		{D71BCFD8-AC77-4841-A242-77892C5C7172}.Release|ARM.ActiveCfg = Release|Win32
		{D71BCFD8-AC77-4841-A242-77892C5C7172}.Release|ARM64.ActiveCfg = Release|Win32
		{D71BCFD8-AC77-4841-A242-77892C5C7172}.Release|Win32.ActiveCfg = Release|Win32
		{D71BCFD8-AC77-4841-A242-77892C5C7172}.Release|Win32.Build.0 = Release|Win32
		{D71BCFD8-AC77-4841-A242-77892C5C7172}.Release|x64.ActiveCfg = Release|x64
		{D71BCFD8-AC77-4841-A242-77892C5C7172}.Release|x64.Build.0 = Release|x64
		{D71BCFD8-AC77-4841-A242-77892C5C7172}.Release|x86.ActiveCfg = Release|Win32
		{D71BCFD8-AC77-4841-A242-77892C5C7172}.Release|x86.Build.0 = Release|Win32
		{D71BCFD8-AC77-4841-A242-77892C5C7172}.RelWithDebInfo|Any CPU.ActiveCfg = Release|x64
		{D71BCFD8-AC77-4841-A242-77892C5C7172}.RelWithDebInfo|Any CPU.Build.0 = Release|x64
		{D71BCFD8-AC77-4841-A242-77892C5C7172}.RelWithDebInfo|ARM.ActiveCfg = Release|Win32
		{D71BCFD8-AC77-4841-A242-77892C5C7172}.RelWithDebInfo|ARM.Build.0 = Release|Win32
		{D71BCFD8-AC77-4841-A242-77892C5C7172}.RelWithDebInfo|ARM64.ActiveCfg = Release|Win32
		{D71BCFD8-AC77-4841-A242-77892C5C7172}.RelWithDebInfo|ARM64.Build.0 = Release|Win32
		{D71BCFD8-AC77-4841-A242-77892C5C7172}.RelWithDebInfo|Win32.ActiveCfg = Release|Win32
		{D71BCFD8-AC77-4841-A242-77892C5C7172}.RelWithDebInfo|Win32.Build.0 = Release|Win32
		{D71BCFD8-AC77-4841-A242-77892C5C7172}.RelWithDebInfo|x64.ActiveCfg = Release|x64
		{D71BCFD8-AC77-4841-A242-77892C5C7172}.RelWithDebInfo|x64.Build.0 = Release|x64
		{D71BCFD8-AC77-4841-A242-77892C5C7172}.RelWithDebInfo|x86.ActiveCfg = Release|Win32
		{D71BCFD8-AC77-4841-A242-77892C5C7172}.RelWithDebInfo|x86.Build.0 = Release|Win32
		{429B544B-22F2-4FBE-9735-26CAD7DF8A7C}.Debug|Any CPU.ActiveCfg = Debug|Win32
		{429B544B-22F2-4FBE-9735-26CAD7DF8A7C}.Debug|ARM.ActiveCfg = Debug|Win32
		{429B544B-22F2-4FBE-9735-26CAD7DF8A7C}.Debug|ARM64.ActiveCfg = Debug|Win32
		{429B544B-22F2-4FBE-9735-26CAD7DF8A7C}.Debug|Win32.ActiveCfg = Debug|Win32
		{429B544B-22F2-4FBE-9735-26CAD7DF8A7C}.Debug|Win32.Build.0 = Debug|Win32
		{429B544B-22F2-4FBE-9735-26CAD7DF8A7C}.Debug|x64.ActiveCfg = Debug|x64
		{429B544B-22F2-4FBE-9735-26CAD7DF8A7C}.Debug|x64.Build.0 = Debug|x64
		{429B544B-22F2-4FBE-9735-26CAD7DF8A7C}.Debug|x86.ActiveCfg = Debug|Win32
		{429B544B-22F2-4FBE-9735-26CAD7DF8A7C}.Debug|x86.Build.0 = Debug|Win32
		{429B544B-22F2-4FBE-9735-26CAD7DF8A7C}.MinSizeRel|Any CPU.ActiveCfg = Release|x64
		{429B544B-22F2-4FBE-9735-26CAD7DF8A7C}.MinSizeRel|Any CPU.Build.0 = Release|x64
		{429B544B-22F2-4FBE-9735-26CAD7DF8A7C}.MinSizeRel|ARM.ActiveCfg = Release|Win32
		{429B544B-22F2-4FBE-9735-26CAD7DF8A7C}.MinSizeRel|ARM.Build.0 = Release|Win32
		{429B544B-22F2-4FBE-9735-26CAD7DF8A7C}.MinSizeRel|ARM64.ActiveCfg = Release|Win32
		{429B544B-22F2-4FBE-9735-26CAD7DF8A7C}.MinSizeRel|ARM64.Build.0 = Release|Win32
		{429B544B-22F2-4FBE-9735-26CAD7DF8A7C}.MinSizeRel|Win32.ActiveCfg = Release|Win32
		{429B544B-22F2-4FBE-9735-26CAD7DF8A7C}.MinSizeRel|Win32.Build.0 = Release|Win32
		{429B544B-22F2-4FBE-9735-26CAD7DF8A7C}.MinSizeRel|x64.ActiveCfg = Release|x64
		{429B544B-22F2-4FBE-9735-26CAD7DF8A7C}.MinSizeRel|x64.Build.0 = Release|x64
		{429B544B-22F2-4FBE-9735-26CAD7DF8A7C}.MinSizeRel|x86.ActiveCfg = Release|Win32
		{429B544B-22F2-4FBE-9735-26CAD7DF8A7C}.MinSizeRel|x86.Build.0 = Release|Win32
		{429B544B-22F2-4FBE-9735-26CAD7DF8A7C}.Release|Any CPU.ActiveCfg = Release|Win32
		{429B544B-22F2-4FBE-9735-26CAD7DF8A7C}.Release|ARM.ActiveCfg = Release|Win32
		{429B544B-22F2-4FBE-9735-26CAD7DF8A7C}.Release|ARM64.ActiveCfg = Release|Win32
		{429B544B-22F2-4FBE-9735-26CAD7DF8A7C}.Release|Win32.ActiveCfg = Release|Win32
		{429B544B-22F2-4FBE-9735-26CAD7DF8A7C}.Release|Win32.Build.0 = Release|Win32
		{429B544B-22F2-4FBE-9735-26CAD7DF8A7C}.Release|x64.ActiveCfg = Release|x64
		{429B544B-22F2-4FBE-9735-26CAD7DF8A7C}.Release|x64.Build.0 = Release|x64
		{429B544B-22F2-4FBE-9735-26CAD7DF8A7C}.Release|x86.ActiveCfg = Release|Win32
		{429B544B-22F2-4FBE-9735-26CAD7DF8A7C}.Release|x86.Build.0 = Release|Win32
		{429B544B-22F2-4FBE-9735-26CAD7DF8A7C}.RelWithDebInfo|Any CPU.ActiveCfg = Release|x64
		{429B544B-22F2-4FBE-9735-26CAD7DF8A7C}.RelWithDebInfo|Any CPU.Build.0 = Release|x64
		{429B544B-22F2-4FBE-9735-26CAD7DF8A7C}.RelWithDebInfo|ARM.ActiveCfg = Release|Win32
		{429B544B-22F2-4FBE-9735-26CAD7DF8A7C}.RelWithDebInfo|ARM.Build.0 = Release|Win32
		{429B544B-22F2-4FBE-9735-26CAD7DF8A7C}.RelWithDebInfo|ARM64.ActiveCfg = Release|Win32
		{429B544B-22F2-4FBE-9735-26CAD7DF8A7C}.RelWithDebInfo|ARM64.Build.0 = Release|Win32
		{429B544B-22F2-4FBE-9735-26CAD7DF8A7C}.RelWithDebInfo|Win32.ActiveCfg = Release|Win32
		{429B544B-22F2-4FBE-9735-26CAD7DF8A7C}.RelWithDebInfo|Win32.Build.0 = Release|Win32
		{429B544B-22F2-4FBE-9735-26CAD7DF8A7C}.RelWithDebInfo|x64.ActiveCfg = Release|x64
		{429B544B-22F2-4FBE-9735-26CAD7DF8A7C}.RelWithDebInfo|x64.Build.0 = Release|x64
		{429B544B-22F2-4FBE-9735-26CAD7DF8A7C}.RelWithDebInfo|x86.ActiveCfg = Release|Win32
		{429B544B-22F2-4FBE-9735-26CAD7DF8A7C}.RelWithDebInfo|x86.Build.0 = Release|Win32
		{B3E9B7B8-9A31-42B9-B41A-455B4793D49C}.Debug|Any CPU.ActiveCfg = Debug|Win32
		{B3E9B7B8-9A31-42B9-B41A-455B4793D49C}.Debug|ARM.ActiveCfg = Debug|Win32
		{B3E9B7B8-9A31-42B9-B41A-455B4793D49C}.Debug|ARM64.ActiveCfg = Debug|Win32
		{B3E9B7B8-9A31-42B9-B41A-455B4793D49C}.Debug|Win32.ActiveCfg = Debug|Win32
		{B3E9B7B8-9A31-42B9-B41A-455B4793D49C}.Debug|Win32.Build.0 = Debug|Win32
		{B3E9B7B8-9A31-42B9-B41A-455B4793D49C}.Debug|x64.ActiveCfg = Debug|x64
		{B3E9B7B8-9A31-42B9-B41A-455B4793D49C}.Debug|x64.Build.0 = Debug|x64
		{B3E9B7B8-9A31-42B9-B41A-455B4793D49C}.Debug|x86.ActiveCfg = Debug|Win32
		{B3E9B7B8-9A31-42B9-B41A-455B4793D49C}.Debug|x86.Build.0 = Debug|Win32
		{B3E9B7B8-9A31-42B9-B41A-455B4793D49C}.MinSizeRel|Any CPU.ActiveCfg = Release|x64
		{B3E9B7B8-9A31-42B9-B41A-455B4793D49C}.MinSizeRel|Any CPU.Build.0 = Release|x64
		{B3E9B7B8-9A31-42B9-B41A-455B4793D49C}.MinSizeRel|ARM.ActiveCfg = Release|Win32
		{B3E9B7B8-9A31-42B9-B41A-455B4793D49C}.MinSizeRel|ARM.Build.0 = Release|Win32
		{B3E9B7B8-9A31-42B9-B41A-455B4793D49C}.MinSizeRel|ARM64.ActiveCfg = Release|Win32
		{B3E9B7B8-9A31-42B9-B41A-455B4793D49C}.MinSizeRel|ARM64.Build.0 = Release|Win32
		{B3E9B7B8-9A31-42B9-B41A-455B4793D49C}.MinSizeRel|Win32.ActiveCfg = Release|Win32
		{B3E9B7B8-9A31-42B9-B41A-455B4793D49C}.MinSizeRel|Win32.Build.0 = Release|Win32
		{B3E9B7B8-9A31-42B9-B41A-455B4793D49C}.MinSizeRel|x64.ActiveCfg = Release|x64
		{B3E9B7B8-9A31-42B9-B41A-455B4793D49C}.MinSizeRel|x64.Build.0 = Release|x64
		{B3E9B7B8-9A31-42B9-B41A-455B4793D49C}.MinSizeRel|x86.ActiveCfg = Release|Win32
		{B3E9B7B8-9A31-42B9-B41A-455B4793D49C}.MinSizeRel|x86.Build.0 = Release|Win32
		{B3E9B7B8-9A31-42B9-B41A-455B4793D49C}.Release|Any CPU.ActiveCfg = Release|Win32
		{B3E9B7B8-9A31-42B9-B41A-455B4793D49C}.Release|ARM.ActiveCfg = Release|Win32
		{B3E9B7B8-9A31-42B9-B41A-455B4793D49C}.Release|ARM64.ActiveCfg = Release|Win32
		{B3E9B7B8-9A31-42B9-B41A-455B4793D49C}.Release|Win32.ActiveCfg = Release|Win32
		{B3E9B7B8-9A31-42B9-B41A-455B4793D49C}.Release|Win32.Build.0 = Release|Win32
		{B3E9B7B8-9A31-42B9-B41A-455B4793D49C}.Release|x64.ActiveCfg = Release|x64
		{B3E9B7B8-9A31-42B9-B41A-455B4793D49C}.Release|x64.Build.0 = Release|x64
		{B3E9B7B8-9A31-42B9-B41A-455B4793D49C}.Release|x86.ActiveCfg = Release|Win32
		{B3E9B7B8-9A31-42B9-B41A-455B4793D49C}.Release|x86.Build.0 = Release|Win32
		{B3E9B7B8-9A31-42B9-B41A-455B4793D49C}.RelWithDebInfo|Any CPU.ActiveCfg = Release|x64
		{B3E9B7B8-9A31-42B9-B41A-455B4793D49C}.RelWithDebInfo|Any CPU.Build.0 = Release|x64
		{B3E9B7B8-9A31-42B9-B41A-455B4793D49C}.RelWithDebInfo|ARM.ActiveCfg = Release|Win32
		{B3E9B7B8-9A31-42B9-B41A-455B4793D49C}.RelWithDebInfo|ARM.Build.0 = Release|Win32
		{B3E9B7B8-9A31-42B9-B41A-455B4793D49C}.RelWithDebInfo|ARM64.ActiveCfg = Release|Win32
		{B3E9B7B8-9A31-42B9-B41A-455B4793D49C}.RelWithDebInfo|ARM64.Build.0 = Release|Win32
		{B3E9B7B8-9A31-42B9-B41A-455B4793D49C}.RelWithDebInfo|Win32.ActiveCfg = Release|Win32
		{B3E9B7B8-9A31-42B9-B41A-455B4793D49C}.RelWithDebInfo|Win32.Build.0 = Release|Win32
		{B3E9B7B8-9A31-42B9-B41A-455B4793D49C}.RelWithDebInfo|x64.ActiveCfg = Release|x64
		{B3E9B7B8-9A31-42B9-B41A-455B4793D49C}.RelWithDebInfo|x64.Build.0 = Release|x64
		{B3E9B7B8-9A31-42B9-B41A-455B4793D49C}.RelWithDebInfo|x86.ActiveCfg = Release|Win32
		{B3E9B7B8-9A31-42B9-B41A-455B4793D49C}.RelWithDebInfo|x86.Build.0 = Release|Win32
		{E21F74C2-BEFE-42E4-A04D-F97F7DCC53FC}.Debug|Any CPU.ActiveCfg = Debug|Any CPU
		{E21F74C2-BEFE-42E4-A04D-F97F7DCC53FC}.Debug|Any CPU.Build.0 = Debug|Any CPU
		{E21F74C2-BEFE-42E4-A04D-F97F7DCC53FC}.Debug|ARM.ActiveCfg = Debug|Any CPU
		{E21F74C2-BEFE-42E4-A04D-F97F7DCC53FC}.Debug|ARM.Build.0 = Debug|Any CPU
		{E21F74C2-BEFE-42E4-A04D-F97F7DCC53FC}.Debug|ARM64.ActiveCfg = Debug|Any CPU
		{E21F74C2-BEFE-42E4-A04D-F97F7DCC53FC}.Debug|ARM64.Build.0 = Debug|Any CPU
		{E21F74C2-BEFE-42E4-A04D-F97F7DCC53FC}.Debug|Win32.ActiveCfg = Debug|x86
		{E21F74C2-BEFE-42E4-A04D-F97F7DCC53FC}.Debug|Win32.Build.0 = Debug|x86
		{E21F74C2-BEFE-42E4-A04D-F97F7DCC53FC}.Debug|x64.ActiveCfg = Debug|Any CPU
		{E21F74C2-BEFE-42E4-A04D-F97F7DCC53FC}.Debug|x64.Build.0 = Debug|Any CPU
		{E21F74C2-BEFE-42E4-A04D-F97F7DCC53FC}.Debug|x86.ActiveCfg = Debug|Any CPU
		{E21F74C2-BEFE-42E4-A04D-F97F7DCC53FC}.Debug|x86.Build.0 = Debug|Any CPU
		{E21F74C2-BEFE-42E4-A04D-F97F7DCC53FC}.MinSizeRel|Any CPU.ActiveCfg = Release|Any CPU
		{E21F74C2-BEFE-42E4-A04D-F97F7DCC53FC}.MinSizeRel|Any CPU.Build.0 = Release|Any CPU
		{E21F74C2-BEFE-42E4-A04D-F97F7DCC53FC}.MinSizeRel|ARM.ActiveCfg = Release|Any CPU
		{E21F74C2-BEFE-42E4-A04D-F97F7DCC53FC}.MinSizeRel|ARM.Build.0 = Release|Any CPU
		{E21F74C2-BEFE-42E4-A04D-F97F7DCC53FC}.MinSizeRel|ARM64.ActiveCfg = Release|Any CPU
		{E21F74C2-BEFE-42E4-A04D-F97F7DCC53FC}.MinSizeRel|ARM64.Build.0 = Release|Any CPU
		{E21F74C2-BEFE-42E4-A04D-F97F7DCC53FC}.MinSizeRel|Win32.ActiveCfg = Release|Any CPU
		{E21F74C2-BEFE-42E4-A04D-F97F7DCC53FC}.MinSizeRel|Win32.Build.0 = Release|Any CPU
		{E21F74C2-BEFE-42E4-A04D-F97F7DCC53FC}.MinSizeRel|x64.ActiveCfg = Release|Any CPU
		{E21F74C2-BEFE-42E4-A04D-F97F7DCC53FC}.MinSizeRel|x64.Build.0 = Release|Any CPU
		{E21F74C2-BEFE-42E4-A04D-F97F7DCC53FC}.MinSizeRel|x86.ActiveCfg = Release|Any CPU
		{E21F74C2-BEFE-42E4-A04D-F97F7DCC53FC}.MinSizeRel|x86.Build.0 = Release|Any CPU
		{E21F74C2-BEFE-42E4-A04D-F97F7DCC53FC}.Release|Any CPU.ActiveCfg = Release|Any CPU
		{E21F74C2-BEFE-42E4-A04D-F97F7DCC53FC}.Release|Any CPU.Build.0 = Release|Any CPU
		{E21F74C2-BEFE-42E4-A04D-F97F7DCC53FC}.Release|ARM.ActiveCfg = Release|Any CPU
		{E21F74C2-BEFE-42E4-A04D-F97F7DCC53FC}.Release|ARM.Build.0 = Release|Any CPU
		{E21F74C2-BEFE-42E4-A04D-F97F7DCC53FC}.Release|ARM64.ActiveCfg = Release|Any CPU
		{E21F74C2-BEFE-42E4-A04D-F97F7DCC53FC}.Release|ARM64.Build.0 = Release|Any CPU
		{E21F74C2-BEFE-42E4-A04D-F97F7DCC53FC}.Release|Win32.ActiveCfg = Release|Any CPU
		{E21F74C2-BEFE-42E4-A04D-F97F7DCC53FC}.Release|Win32.Build.0 = Release|Any CPU
		{E21F74C2-BEFE-42E4-A04D-F97F7DCC53FC}.Release|x64.ActiveCfg = Release|Any CPU
		{E21F74C2-BEFE-42E4-A04D-F97F7DCC53FC}.Release|x64.Build.0 = Release|Any CPU
		{E21F74C2-BEFE-42E4-A04D-F97F7DCC53FC}.Release|x86.ActiveCfg = Release|Any CPU
		{E21F74C2-BEFE-42E4-A04D-F97F7DCC53FC}.Release|x86.Build.0 = Release|Any CPU
		{E21F74C2-BEFE-42E4-A04D-F97F7DCC53FC}.RelWithDebInfo|Any CPU.ActiveCfg = Release|Any CPU
		{E21F74C2-BEFE-42E4-A04D-F97F7DCC53FC}.RelWithDebInfo|Any CPU.Build.0 = Release|Any CPU
		{E21F74C2-BEFE-42E4-A04D-F97F7DCC53FC}.RelWithDebInfo|ARM.ActiveCfg = Release|Any CPU
		{E21F74C2-BEFE-42E4-A04D-F97F7DCC53FC}.RelWithDebInfo|ARM.Build.0 = Release|Any CPU
		{E21F74C2-BEFE-42E4-A04D-F97F7DCC53FC}.RelWithDebInfo|ARM64.ActiveCfg = Release|Any CPU
		{E21F74C2-BEFE-42E4-A04D-F97F7DCC53FC}.RelWithDebInfo|ARM64.Build.0 = Release|Any CPU
		{E21F74C2-BEFE-42E4-A04D-F97F7DCC53FC}.RelWithDebInfo|Win32.ActiveCfg = Release|Any CPU
		{E21F74C2-BEFE-42E4-A04D-F97F7DCC53FC}.RelWithDebInfo|Win32.Build.0 = Release|Any CPU
		{E21F74C2-BEFE-42E4-A04D-F97F7DCC53FC}.RelWithDebInfo|x64.ActiveCfg = Release|Any CPU
		{E21F74C2-BEFE-42E4-A04D-F97F7DCC53FC}.RelWithDebInfo|x64.Build.0 = Release|Any CPU
		{E21F74C2-BEFE-42E4-A04D-F97F7DCC53FC}.RelWithDebInfo|x86.ActiveCfg = Release|Any CPU
		{E21F74C2-BEFE-42E4-A04D-F97F7DCC53FC}.RelWithDebInfo|x86.Build.0 = Release|Any CPU
		{07BF85D4-18F3-4F6C-89D2-A0920F430D8F}.Debug|Any CPU.ActiveCfg = Debug|Win32
		{07BF85D4-18F3-4F6C-89D2-A0920F430D8F}.Debug|ARM.ActiveCfg = Debug|Win32
		{07BF85D4-18F3-4F6C-89D2-A0920F430D8F}.Debug|ARM64.ActiveCfg = Debug|Win32
		{07BF85D4-18F3-4F6C-89D2-A0920F430D8F}.Debug|Win32.ActiveCfg = Debug|Win32
		{07BF85D4-18F3-4F6C-89D2-A0920F430D8F}.Debug|Win32.Build.0 = Debug|Win32
		{07BF85D4-18F3-4F6C-89D2-A0920F430D8F}.Debug|x64.ActiveCfg = Debug|x64
		{07BF85D4-18F3-4F6C-89D2-A0920F430D8F}.Debug|x64.Build.0 = Debug|x64
		{07BF85D4-18F3-4F6C-89D2-A0920F430D8F}.Debug|x86.ActiveCfg = Debug|Win32
		{07BF85D4-18F3-4F6C-89D2-A0920F430D8F}.Debug|x86.Build.0 = Debug|Win32
		{07BF85D4-18F3-4F6C-89D2-A0920F430D8F}.MinSizeRel|Any CPU.ActiveCfg = Release|x64
		{07BF85D4-18F3-4F6C-89D2-A0920F430D8F}.MinSizeRel|Any CPU.Build.0 = Release|x64
		{07BF85D4-18F3-4F6C-89D2-A0920F430D8F}.MinSizeRel|ARM.ActiveCfg = Release|Win32
		{07BF85D4-18F3-4F6C-89D2-A0920F430D8F}.MinSizeRel|ARM.Build.0 = Release|Win32
		{07BF85D4-18F3-4F6C-89D2-A0920F430D8F}.MinSizeRel|ARM64.ActiveCfg = Release|Win32
		{07BF85D4-18F3-4F6C-89D2-A0920F430D8F}.MinSizeRel|ARM64.Build.0 = Release|Win32
		{07BF85D4-18F3-4F6C-89D2-A0920F430D8F}.MinSizeRel|Win32.ActiveCfg = Release|Win32
		{07BF85D4-18F3-4F6C-89D2-A0920F430D8F}.MinSizeRel|Win32.Build.0 = Release|Win32
		{07BF85D4-18F3-4F6C-89D2-A0920F430D8F}.MinSizeRel|x64.ActiveCfg = Release|x64
		{07BF85D4-18F3-4F6C-89D2-A0920F430D8F}.MinSizeRel|x64.Build.0 = Release|x64
		{07BF85D4-18F3-4F6C-89D2-A0920F430D8F}.MinSizeRel|x86.ActiveCfg = Release|Win32
		{07BF85D4-18F3-4F6C-89D2-A0920F430D8F}.MinSizeRel|x86.Build.0 = Release|Win32
		{07BF85D4-18F3-4F6C-89D2-A0920F430D8F}.Release|Any CPU.ActiveCfg = Release|Win32
		{07BF85D4-18F3-4F6C-89D2-A0920F430D8F}.Release|ARM.ActiveCfg = Release|Win32
		{07BF85D4-18F3-4F6C-89D2-A0920F430D8F}.Release|ARM64.ActiveCfg = Release|Win32
		{07BF85D4-18F3-4F6C-89D2-A0920F430D8F}.Release|Win32.ActiveCfg = Release|Win32
		{07BF85D4-18F3-4F6C-89D2-A0920F430D8F}.Release|Win32.Build.0 = Release|Win32
		{07BF85D4-18F3-4F6C-89D2-A0920F430D8F}.Release|x64.ActiveCfg = Release|x64
		{07BF85D4-18F3-4F6C-89D2-A0920F430D8F}.Release|x64.Build.0 = Release|x64
		{07BF85D4-18F3-4F6C-89D2-A0920F430D8F}.Release|x86.ActiveCfg = Release|Win32
		{07BF85D4-18F3-4F6C-89D2-A0920F430D8F}.Release|x86.Build.0 = Release|Win32
		{07BF85D4-18F3-4F6C-89D2-A0920F430D8F}.RelWithDebInfo|Any CPU.ActiveCfg = Release|x64
		{07BF85D4-18F3-4F6C-89D2-A0920F430D8F}.RelWithDebInfo|Any CPU.Build.0 = Release|x64
		{07BF85D4-18F3-4F6C-89D2-A0920F430D8F}.RelWithDebInfo|ARM.ActiveCfg = Release|Win32
		{07BF85D4-18F3-4F6C-89D2-A0920F430D8F}.RelWithDebInfo|ARM.Build.0 = Release|Win32
		{07BF85D4-18F3-4F6C-89D2-A0920F430D8F}.RelWithDebInfo|ARM64.ActiveCfg = Release|Win32
		{07BF85D4-18F3-4F6C-89D2-A0920F430D8F}.RelWithDebInfo|ARM64.Build.0 = Release|Win32
		{07BF85D4-18F3-4F6C-89D2-A0920F430D8F}.RelWithDebInfo|Win32.ActiveCfg = Release|Win32
		{07BF85D4-18F3-4F6C-89D2-A0920F430D8F}.RelWithDebInfo|Win32.Build.0 = Release|Win32
		{07BF85D4-18F3-4F6C-89D2-A0920F430D8F}.RelWithDebInfo|x64.ActiveCfg = Release|x64
		{07BF85D4-18F3-4F6C-89D2-A0920F430D8F}.RelWithDebInfo|x64.Build.0 = Release|x64
		{07BF85D4-18F3-4F6C-89D2-A0920F430D8F}.RelWithDebInfo|x86.ActiveCfg = Release|Win32
		{07BF85D4-18F3-4F6C-89D2-A0920F430D8F}.RelWithDebInfo|x86.Build.0 = Release|Win32
		{A369D374-6336-36E6-B1D9-D65914B8DFAF}.Debug|Any CPU.ActiveCfg = Debug|Win32
		{A369D374-6336-36E6-B1D9-D65914B8DFAF}.Debug|ARM.ActiveCfg = Debug|Win32
		{A369D374-6336-36E6-B1D9-D65914B8DFAF}.Debug|ARM64.ActiveCfg = Debug|Win32
		{A369D374-6336-36E6-B1D9-D65914B8DFAF}.Debug|Win32.ActiveCfg = Debug|Win32
		{A369D374-6336-36E6-B1D9-D65914B8DFAF}.Debug|Win32.Build.0 = Debug|Win32
		{A369D374-6336-36E6-B1D9-D65914B8DFAF}.Debug|x64.ActiveCfg = Debug|x64
		{A369D374-6336-36E6-B1D9-D65914B8DFAF}.Debug|x64.Build.0 = Debug|x64
		{A369D374-6336-36E6-B1D9-D65914B8DFAF}.Debug|x86.ActiveCfg = Debug|Win32
		{A369D374-6336-36E6-B1D9-D65914B8DFAF}.Debug|x86.Build.0 = Debug|Win32
		{A369D374-6336-36E6-B1D9-D65914B8DFAF}.MinSizeRel|Any CPU.ActiveCfg = MinSizeRel|Win32
		{A369D374-6336-36E6-B1D9-D65914B8DFAF}.MinSizeRel|ARM.ActiveCfg = MinSizeRel|Win32
		{A369D374-6336-36E6-B1D9-D65914B8DFAF}.MinSizeRel|ARM64.ActiveCfg = MinSizeRel|Win32
		{A369D374-6336-36E6-B1D9-D65914B8DFAF}.MinSizeRel|Win32.ActiveCfg = MinSizeRel|Win32
		{A369D374-6336-36E6-B1D9-D65914B8DFAF}.MinSizeRel|Win32.Build.0 = MinSizeRel|Win32
		{A369D374-6336-36E6-B1D9-D65914B8DFAF}.MinSizeRel|x64.ActiveCfg = MinSizeRel|x64
		{A369D374-6336-36E6-B1D9-D65914B8DFAF}.MinSizeRel|x64.Build.0 = MinSizeRel|x64
		{A369D374-6336-36E6-B1D9-D65914B8DFAF}.MinSizeRel|x86.ActiveCfg = MinSizeRel|Win32
		{A369D374-6336-36E6-B1D9-D65914B8DFAF}.MinSizeRel|x86.Build.0 = MinSizeRel|Win32
		{A369D374-6336-36E6-B1D9-D65914B8DFAF}.Release|Any CPU.ActiveCfg = Release|Win32
		{A369D374-6336-36E6-B1D9-D65914B8DFAF}.Release|ARM.ActiveCfg = Release|Win32
		{A369D374-6336-36E6-B1D9-D65914B8DFAF}.Release|ARM64.ActiveCfg = Release|Win32
		{A369D374-6336-36E6-B1D9-D65914B8DFAF}.Release|Win32.ActiveCfg = Release|Win32
		{A369D374-6336-36E6-B1D9-D65914B8DFAF}.Release|Win32.Build.0 = Release|Win32
		{A369D374-6336-36E6-B1D9-D65914B8DFAF}.Release|x64.ActiveCfg = Release|x64
		{A369D374-6336-36E6-B1D9-D65914B8DFAF}.Release|x64.Build.0 = Release|x64
		{A369D374-6336-36E6-B1D9-D65914B8DFAF}.Release|x86.ActiveCfg = Release|Win32
		{A369D374-6336-36E6-B1D9-D65914B8DFAF}.Release|x86.Build.0 = Release|Win32
		{A369D374-6336-36E6-B1D9-D65914B8DFAF}.RelWithDebInfo|Any CPU.ActiveCfg = RelWithDebInfo|Win32
		{A369D374-6336-36E6-B1D9-D65914B8DFAF}.RelWithDebInfo|ARM.ActiveCfg = RelWithDebInfo|Win32
		{A369D374-6336-36E6-B1D9-D65914B8DFAF}.RelWithDebInfo|ARM64.ActiveCfg = RelWithDebInfo|Win32
		{A369D374-6336-36E6-B1D9-D65914B8DFAF}.RelWithDebInfo|Win32.ActiveCfg = RelWithDebInfo|Win32
		{A369D374-6336-36E6-B1D9-D65914B8DFAF}.RelWithDebInfo|Win32.Build.0 = RelWithDebInfo|Win32
		{A369D374-6336-36E6-B1D9-D65914B8DFAF}.RelWithDebInfo|x64.ActiveCfg = RelWithDebInfo|x64
		{A369D374-6336-36E6-B1D9-D65914B8DFAF}.RelWithDebInfo|x64.Build.0 = RelWithDebInfo|x64
		{A369D374-6336-36E6-B1D9-D65914B8DFAF}.RelWithDebInfo|x86.ActiveCfg = RelWithDebInfo|Win32
		{A369D374-6336-36E6-B1D9-D65914B8DFAF}.RelWithDebInfo|x86.Build.0 = RelWithDebInfo|Win32
		{C60DBC4E-132C-38EE-9C7B-122615C288AF}.Debug|Any CPU.ActiveCfg = Debug|Win32
		{C60DBC4E-132C-38EE-9C7B-122615C288AF}.Debug|ARM.ActiveCfg = Debug|Win32
		{C60DBC4E-132C-38EE-9C7B-122615C288AF}.Debug|ARM64.ActiveCfg = Debug|Win32
		{C60DBC4E-132C-38EE-9C7B-122615C288AF}.Debug|Win32.ActiveCfg = Debug|Win32
		{C60DBC4E-132C-38EE-9C7B-122615C288AF}.Debug|Win32.Build.0 = Debug|Win32
		{C60DBC4E-132C-38EE-9C7B-122615C288AF}.Debug|x64.ActiveCfg = Debug|x64
		{C60DBC4E-132C-38EE-9C7B-122615C288AF}.Debug|x64.Build.0 = Debug|x64
		{C60DBC4E-132C-38EE-9C7B-122615C288AF}.Debug|x86.ActiveCfg = Debug|Win32
		{C60DBC4E-132C-38EE-9C7B-122615C288AF}.Debug|x86.Build.0 = Debug|Win32
		{C60DBC4E-132C-38EE-9C7B-122615C288AF}.MinSizeRel|Any CPU.ActiveCfg = MinSizeRel|Win32
		{C60DBC4E-132C-38EE-9C7B-122615C288AF}.MinSizeRel|ARM.ActiveCfg = MinSizeRel|Win32
		{C60DBC4E-132C-38EE-9C7B-122615C288AF}.MinSizeRel|ARM64.ActiveCfg = MinSizeRel|Win32
		{C60DBC4E-132C-38EE-9C7B-122615C288AF}.MinSizeRel|Win32.ActiveCfg = MinSizeRel|Win32
		{C60DBC4E-132C-38EE-9C7B-122615C288AF}.MinSizeRel|Win32.Build.0 = MinSizeRel|Win32
		{C60DBC4E-132C-38EE-9C7B-122615C288AF}.MinSizeRel|x64.ActiveCfg = MinSizeRel|x64
		{C60DBC4E-132C-38EE-9C7B-122615C288AF}.MinSizeRel|x64.Build.0 = MinSizeRel|x64
		{C60DBC4E-132C-38EE-9C7B-122615C288AF}.MinSizeRel|x86.ActiveCfg = MinSizeRel|Win32
		{C60DBC4E-132C-38EE-9C7B-122615C288AF}.MinSizeRel|x86.Build.0 = MinSizeRel|Win32
		{C60DBC4E-132C-38EE-9C7B-122615C288AF}.Release|Any CPU.ActiveCfg = Release|Win32
		{C60DBC4E-132C-38EE-9C7B-122615C288AF}.Release|ARM.ActiveCfg = Release|Win32
		{C60DBC4E-132C-38EE-9C7B-122615C288AF}.Release|ARM64.ActiveCfg = Release|Win32
		{C60DBC4E-132C-38EE-9C7B-122615C288AF}.Release|Win32.ActiveCfg = Release|Win32
		{C60DBC4E-132C-38EE-9C7B-122615C288AF}.Release|Win32.Build.0 = Release|Win32
		{C60DBC4E-132C-38EE-9C7B-122615C288AF}.Release|x64.ActiveCfg = Release|x64
		{C60DBC4E-132C-38EE-9C7B-122615C288AF}.Release|x64.Build.0 = Release|x64
		{C60DBC4E-132C-38EE-9C7B-122615C288AF}.Release|x86.ActiveCfg = Release|Win32
		{C60DBC4E-132C-38EE-9C7B-122615C288AF}.Release|x86.Build.0 = Release|Win32
		{C60DBC4E-132C-38EE-9C7B-122615C288AF}.RelWithDebInfo|Any CPU.ActiveCfg = RelWithDebInfo|Win32
		{C60DBC4E-132C-38EE-9C7B-122615C288AF}.RelWithDebInfo|ARM.ActiveCfg = RelWithDebInfo|Win32
		{C60DBC4E-132C-38EE-9C7B-122615C288AF}.RelWithDebInfo|ARM64.ActiveCfg = RelWithDebInfo|Win32
		{C60DBC4E-132C-38EE-9C7B-122615C288AF}.RelWithDebInfo|Win32.ActiveCfg = RelWithDebInfo|Win32
		{C60DBC4E-132C-38EE-9C7B-122615C288AF}.RelWithDebInfo|Win32.Build.0 = RelWithDebInfo|Win32
		{C60DBC4E-132C-38EE-9C7B-122615C288AF}.RelWithDebInfo|x64.ActiveCfg = RelWithDebInfo|x64
		{C60DBC4E-132C-38EE-9C7B-122615C288AF}.RelWithDebInfo|x64.Build.0 = RelWithDebInfo|x64
		{C60DBC4E-132C-38EE-9C7B-122615C288AF}.RelWithDebInfo|x86.ActiveCfg = RelWithDebInfo|Win32
		{C60DBC4E-132C-38EE-9C7B-122615C288AF}.RelWithDebInfo|x86.Build.0 = RelWithDebInfo|Win32
		{6EFD1399-8FB1-425B-A6D7-258A8BC3701C}.Debug|Any CPU.ActiveCfg = Debug|Win32
		{6EFD1399-8FB1-425B-A6D7-258A8BC3701C}.Debug|ARM.ActiveCfg = Debug|ARM
		{6EFD1399-8FB1-425B-A6D7-258A8BC3701C}.Debug|ARM.Build.0 = Debug|ARM
		{6EFD1399-8FB1-425B-A6D7-258A8BC3701C}.Debug|ARM64.ActiveCfg = Debug|ARM64
		{6EFD1399-8FB1-425B-A6D7-258A8BC3701C}.Debug|ARM64.Build.0 = Debug|ARM64
		{6EFD1399-8FB1-425B-A6D7-258A8BC3701C}.Debug|Win32.ActiveCfg = Debug|Win32
		{6EFD1399-8FB1-425B-A6D7-258A8BC3701C}.Debug|Win32.Build.0 = Debug|Win32
		{6EFD1399-8FB1-425B-A6D7-258A8BC3701C}.Debug|x64.ActiveCfg = Debug|x64
		{6EFD1399-8FB1-425B-A6D7-258A8BC3701C}.Debug|x64.Build.0 = Debug|x64
		{6EFD1399-8FB1-425B-A6D7-258A8BC3701C}.Debug|x86.ActiveCfg = Debug|Win32
		{6EFD1399-8FB1-425B-A6D7-258A8BC3701C}.Debug|x86.Build.0 = Debug|Win32
		{6EFD1399-8FB1-425B-A6D7-258A8BC3701C}.MinSizeRel|Any CPU.ActiveCfg = Release|x64
		{6EFD1399-8FB1-425B-A6D7-258A8BC3701C}.MinSizeRel|Any CPU.Build.0 = Release|x64
		{6EFD1399-8FB1-425B-A6D7-258A8BC3701C}.MinSizeRel|ARM.ActiveCfg = Release|ARM
		{6EFD1399-8FB1-425B-A6D7-258A8BC3701C}.MinSizeRel|ARM.Build.0 = Release|ARM
		{6EFD1399-8FB1-425B-A6D7-258A8BC3701C}.MinSizeRel|ARM64.ActiveCfg = Release|ARM64
		{6EFD1399-8FB1-425B-A6D7-258A8BC3701C}.MinSizeRel|ARM64.Build.0 = Release|ARM64
		{6EFD1399-8FB1-425B-A6D7-258A8BC3701C}.MinSizeRel|Win32.ActiveCfg = Release|Win32
		{6EFD1399-8FB1-425B-A6D7-258A8BC3701C}.MinSizeRel|Win32.Build.0 = Release|Win32
		{6EFD1399-8FB1-425B-A6D7-258A8BC3701C}.MinSizeRel|x64.ActiveCfg = Release|x64
		{6EFD1399-8FB1-425B-A6D7-258A8BC3701C}.MinSizeRel|x64.Build.0 = Release|x64
		{6EFD1399-8FB1-425B-A6D7-258A8BC3701C}.MinSizeRel|x86.ActiveCfg = Release|Win32
		{6EFD1399-8FB1-425B-A6D7-258A8BC3701C}.MinSizeRel|x86.Build.0 = Release|Win32
		{6EFD1399-8FB1-425B-A6D7-258A8BC3701C}.Release|Any CPU.ActiveCfg = Release|Win32
		{6EFD1399-8FB1-425B-A6D7-258A8BC3701C}.Release|ARM.ActiveCfg = Release|ARM
		{6EFD1399-8FB1-425B-A6D7-258A8BC3701C}.Release|ARM.Build.0 = Release|ARM
		{6EFD1399-8FB1-425B-A6D7-258A8BC3701C}.Release|ARM64.ActiveCfg = Release|ARM64
		{6EFD1399-8FB1-425B-A6D7-258A8BC3701C}.Release|ARM64.Build.0 = Release|ARM64
		{6EFD1399-8FB1-425B-A6D7-258A8BC3701C}.Release|Win32.ActiveCfg = Release|Win32
		{6EFD1399-8FB1-425B-A6D7-258A8BC3701C}.Release|Win32.Build.0 = Release|Win32
		{6EFD1399-8FB1-425B-A6D7-258A8BC3701C}.Release|x64.ActiveCfg = Release|x64
		{6EFD1399-8FB1-425B-A6D7-258A8BC3701C}.Release|x64.Build.0 = Release|x64
		{6EFD1399-8FB1-425B-A6D7-258A8BC3701C}.Release|x86.ActiveCfg = Release|Win32
		{6EFD1399-8FB1-425B-A6D7-258A8BC3701C}.Release|x86.Build.0 = Release|Win32
		{6EFD1399-8FB1-425B-A6D7-258A8BC3701C}.RelWithDebInfo|Any CPU.ActiveCfg = Release|x64
		{6EFD1399-8FB1-425B-A6D7-258A8BC3701C}.RelWithDebInfo|Any CPU.Build.0 = Release|x64
		{6EFD1399-8FB1-425B-A6D7-258A8BC3701C}.RelWithDebInfo|ARM.ActiveCfg = Release|ARM
		{6EFD1399-8FB1-425B-A6D7-258A8BC3701C}.RelWithDebInfo|ARM.Build.0 = Release|ARM
		{6EFD1399-8FB1-425B-A6D7-258A8BC3701C}.RelWithDebInfo|ARM64.ActiveCfg = Release|ARM64
		{6EFD1399-8FB1-425B-A6D7-258A8BC3701C}.RelWithDebInfo|ARM64.Build.0 = Release|ARM64
		{6EFD1399-8FB1-425B-A6D7-258A8BC3701C}.RelWithDebInfo|Win32.ActiveCfg = Release|Win32
		{6EFD1399-8FB1-425B-A6D7-258A8BC3701C}.RelWithDebInfo|Win32.Build.0 = Release|Win32
		{6EFD1399-8FB1-425B-A6D7-258A8BC3701C}.RelWithDebInfo|x64.ActiveCfg = Release|x64
		{6EFD1399-8FB1-425B-A6D7-258A8BC3701C}.RelWithDebInfo|x64.Build.0 = Release|x64
		{6EFD1399-8FB1-425B-A6D7-258A8BC3701C}.RelWithDebInfo|x86.ActiveCfg = Release|Win32
		{6EFD1399-8FB1-425B-A6D7-258A8BC3701C}.RelWithDebInfo|x86.Build.0 = Release|Win32
		{6CDF9F60-0F3C-41AE-A842-7297478809DF}.Debug|Any CPU.ActiveCfg = Debug|Win32
		{6CDF9F60-0F3C-41AE-A842-7297478809DF}.Debug|ARM.ActiveCfg = Debug|ARM
		{6CDF9F60-0F3C-41AE-A842-7297478809DF}.Debug|ARM.Build.0 = Debug|ARM
		{6CDF9F60-0F3C-41AE-A842-7297478809DF}.Debug|ARM.Deploy.0 = Debug|ARM
		{6CDF9F60-0F3C-41AE-A842-7297478809DF}.Debug|ARM64.ActiveCfg = Debug|ARM64
		{6CDF9F60-0F3C-41AE-A842-7297478809DF}.Debug|ARM64.Build.0 = Debug|ARM64
		{6CDF9F60-0F3C-41AE-A842-7297478809DF}.Debug|ARM64.Deploy.0 = Debug|ARM64
		{6CDF9F60-0F3C-41AE-A842-7297478809DF}.Debug|Win32.ActiveCfg = Debug|Win32
		{6CDF9F60-0F3C-41AE-A842-7297478809DF}.Debug|Win32.Build.0 = Debug|Win32
		{6CDF9F60-0F3C-41AE-A842-7297478809DF}.Debug|Win32.Deploy.0 = Debug|Win32
		{6CDF9F60-0F3C-41AE-A842-7297478809DF}.Debug|x64.ActiveCfg = Debug|x64
		{6CDF9F60-0F3C-41AE-A842-7297478809DF}.Debug|x64.Build.0 = Debug|x64
		{6CDF9F60-0F3C-41AE-A842-7297478809DF}.Debug|x64.Deploy.0 = Debug|x64
		{6CDF9F60-0F3C-41AE-A842-7297478809DF}.Debug|x86.ActiveCfg = Debug|Win32
		{6CDF9F60-0F3C-41AE-A842-7297478809DF}.Debug|x86.Build.0 = Debug|Win32
		{6CDF9F60-0F3C-41AE-A842-7297478809DF}.Debug|x86.Deploy.0 = Debug|Win32
		{6CDF9F60-0F3C-41AE-A842-7297478809DF}.MinSizeRel|Any CPU.ActiveCfg = Release|x64
		{6CDF9F60-0F3C-41AE-A842-7297478809DF}.MinSizeRel|Any CPU.Build.0 = Release|x64
		{6CDF9F60-0F3C-41AE-A842-7297478809DF}.MinSizeRel|Any CPU.Deploy.0 = Release|x64
		{6CDF9F60-0F3C-41AE-A842-7297478809DF}.MinSizeRel|ARM.ActiveCfg = Release|ARM
		{6CDF9F60-0F3C-41AE-A842-7297478809DF}.MinSizeRel|ARM.Build.0 = Release|ARM
		{6CDF9F60-0F3C-41AE-A842-7297478809DF}.MinSizeRel|ARM.Deploy.0 = Release|ARM
		{6CDF9F60-0F3C-41AE-A842-7297478809DF}.MinSizeRel|ARM64.ActiveCfg = Release|ARM64
		{6CDF9F60-0F3C-41AE-A842-7297478809DF}.MinSizeRel|ARM64.Build.0 = Release|ARM64
		{6CDF9F60-0F3C-41AE-A842-7297478809DF}.MinSizeRel|ARM64.Deploy.0 = Release|ARM64
		{6CDF9F60-0F3C-41AE-A842-7297478809DF}.MinSizeRel|Win32.ActiveCfg = Release|Win32
		{6CDF9F60-0F3C-41AE-A842-7297478809DF}.MinSizeRel|Win32.Build.0 = Release|Win32
		{6CDF9F60-0F3C-41AE-A842-7297478809DF}.MinSizeRel|Win32.Deploy.0 = Release|Win32
		{6CDF9F60-0F3C-41AE-A842-7297478809DF}.MinSizeRel|x64.ActiveCfg = Release|x64
		{6CDF9F60-0F3C-41AE-A842-7297478809DF}.MinSizeRel|x64.Build.0 = Release|x64
		{6CDF9F60-0F3C-41AE-A842-7297478809DF}.MinSizeRel|x64.Deploy.0 = Release|x64
		{6CDF9F60-0F3C-41AE-A842-7297478809DF}.MinSizeRel|x86.ActiveCfg = Release|Win32
		{6CDF9F60-0F3C-41AE-A842-7297478809DF}.MinSizeRel|x86.Build.0 = Release|Win32
		{6CDF9F60-0F3C-41AE-A842-7297478809DF}.MinSizeRel|x86.Deploy.0 = Release|Win32
		{6CDF9F60-0F3C-41AE-A842-7297478809DF}.Release|Any CPU.ActiveCfg = Release|Win32
		{6CDF9F60-0F3C-41AE-A842-7297478809DF}.Release|ARM.ActiveCfg = Release|ARM
		{6CDF9F60-0F3C-41AE-A842-7297478809DF}.Release|ARM.Build.0 = Release|ARM
		{6CDF9F60-0F3C-41AE-A842-7297478809DF}.Release|ARM.Deploy.0 = Release|ARM
		{6CDF9F60-0F3C-41AE-A842-7297478809DF}.Release|ARM64.ActiveCfg = Release|ARM64
		{6CDF9F60-0F3C-41AE-A842-7297478809DF}.Release|ARM64.Build.0 = Release|ARM64
		{6CDF9F60-0F3C-41AE-A842-7297478809DF}.Release|ARM64.Deploy.0 = Release|ARM64
		{6CDF9F60-0F3C-41AE-A842-7297478809DF}.Release|Win32.ActiveCfg = Release|Win32
		{6CDF9F60-0F3C-41AE-A842-7297478809DF}.Release|Win32.Build.0 = Release|Win32
		{6CDF9F60-0F3C-41AE-A842-7297478809DF}.Release|Win32.Deploy.0 = Release|Win32
		{6CDF9F60-0F3C-41AE-A842-7297478809DF}.Release|x64.ActiveCfg = Release|x64
		{6CDF9F60-0F3C-41AE-A842-7297478809DF}.Release|x64.Build.0 = Release|x64
		{6CDF9F60-0F3C-41AE-A842-7297478809DF}.Release|x64.Deploy.0 = Release|x64
		{6CDF9F60-0F3C-41AE-A842-7297478809DF}.Release|x86.ActiveCfg = Release|Win32
		{6CDF9F60-0F3C-41AE-A842-7297478809DF}.Release|x86.Build.0 = Release|Win32
		{6CDF9F60-0F3C-41AE-A842-7297478809DF}.Release|x86.Deploy.0 = Release|Win32
		{6CDF9F60-0F3C-41AE-A842-7297478809DF}.RelWithDebInfo|Any CPU.ActiveCfg = Release|x64
		{6CDF9F60-0F3C-41AE-A842-7297478809DF}.RelWithDebInfo|Any CPU.Build.0 = Release|x64
		{6CDF9F60-0F3C-41AE-A842-7297478809DF}.RelWithDebInfo|Any CPU.Deploy.0 = Release|x64
		{6CDF9F60-0F3C-41AE-A842-7297478809DF}.RelWithDebInfo|ARM.ActiveCfg = Release|ARM
		{6CDF9F60-0F3C-41AE-A842-7297478809DF}.RelWithDebInfo|ARM.Build.0 = Release|ARM
		{6CDF9F60-0F3C-41AE-A842-7297478809DF}.RelWithDebInfo|ARM.Deploy.0 = Release|ARM
		{6CDF9F60-0F3C-41AE-A842-7297478809DF}.RelWithDebInfo|ARM64.ActiveCfg = Release|ARM64
		{6CDF9F60-0F3C-41AE-A842-7297478809DF}.RelWithDebInfo|ARM64.Build.0 = Release|ARM64
		{6CDF9F60-0F3C-41AE-A842-7297478809DF}.RelWithDebInfo|ARM64.Deploy.0 = Release|ARM64
		{6CDF9F60-0F3C-41AE-A842-7297478809DF}.RelWithDebInfo|Win32.ActiveCfg = Release|Win32
		{6CDF9F60-0F3C-41AE-A842-7297478809DF}.RelWithDebInfo|Win32.Build.0 = Release|Win32
		{6CDF9F60-0F3C-41AE-A842-7297478809DF}.RelWithDebInfo|Win32.Deploy.0 = Release|Win32
		{6CDF9F60-0F3C-41AE-A842-7297478809DF}.RelWithDebInfo|x64.ActiveCfg = Release|x64
		{6CDF9F60-0F3C-41AE-A842-7297478809DF}.RelWithDebInfo|x64.Build.0 = Release|x64
		{6CDF9F60-0F3C-41AE-A842-7297478809DF}.RelWithDebInfo|x64.Deploy.0 = Release|x64
		{6CDF9F60-0F3C-41AE-A842-7297478809DF}.RelWithDebInfo|x86.ActiveCfg = Release|Win32
		{6CDF9F60-0F3C-41AE-A842-7297478809DF}.RelWithDebInfo|x86.Build.0 = Release|Win32
		{6CDF9F60-0F3C-41AE-A842-7297478809DF}.RelWithDebInfo|x86.Deploy.0 = Release|Win32
	EndGlobalSection
	GlobalSection(SolutionProperties) = preSolution
		HideSolutionNode = FALSE
	EndGlobalSection
	GlobalSection(ExtensibilityGlobals) = postSolution
		SolutionGuid = {636B1081-F7E5-464B-B614-172CE5FA6471}
	EndGlobalSection
EndGlobal
